# THIS IS AN AUTOGENERATED FILE. DO NOT EDIT THIS FILE DIRECTLY.
# yarn lockfile v1


"@arc-ui/bundle@^2.0.0":
  version "2.0.0"
  resolved "https://registry.yarnpkg.com/@arc-ui/bundle/-/bundle-2.0.0.tgz#2b3ad3aec366bb3298c51363bc91fdd8fc1456d3"
  integrity sha512-yi3SGcIM6MTKn4HAt5aR5b1t8zBUai8cKa7S5k5jKzJpy0jTCMYSaxGoKfTnSNGD9w/dXQT2+kM8Pb/l9HuEgg==
  dependencies:
    "@arc-ui/components" "^2.0.0"
    "@btdigital/react-from-markup" "^0.0.1"

"@arc-ui/components@^2.0.0":
  version "2.0.0"
  resolved "https://registry.yarnpkg.com/@arc-ui/components/-/components-2.0.0.tgz#3e2bdc27a507319bb14a53116ac1fd9b261e40d5"
  integrity sha512-g6wbjci1XREVqN1GjvZZbAp1+FgUi7Gk4kyt/oUO2ONcJ7KYrdRaoPm2jAEQK7HNM2mG8YgWwsXhlB8BcEMVrQ==

"@arc-ui/fonts@^2.0.0":
  version "2.0.0"
  resolved "https://registry.yarnpkg.com/@arc-ui/fonts/-/fonts-2.0.0.tgz#e64dca9c5ba2aca06bd0a6c29fa741de34790c63"
  integrity sha512-6wZ464OXPnLXXYOGyNj4RbH+TtcIcSdQZUcY+xTvnoIPg6W5kD8CbIeK55GMkREIPmPpf2bSTrNp01vpyeBx0A==

"@arc-ui/tokens@^2.0.0":
  version "2.0.0"
  resolved "https://registry.yarnpkg.com/@arc-ui/tokens/-/tokens-2.0.0.tgz#117255335906b1b981d4cf8428d3c9109a5f49b7"
  integrity sha512-6ZOZfm/y9PYNB2MvIxC/7E4nAYmu4W1f1q9qllhzLhEGM/wNiBLCuv5svqcQ2Mifp+dwSSlYuWkgwddrt5TTvQ==

"@btdigital/react-from-markup@^0.0.1":
  version "0.0.1"
  resolved "https://registry.yarnpkg.com/@btdigital/react-from-markup/-/react-from-markup-0.0.1.tgz#218fd4f64f5e22c88b212bebdca28aee8c10fd31"
  integrity sha512-mFynBEXH+Fog+8H5XXedsiscwOt1LM5ui9MF3rZhTqxI5BJVqA6JglPB1JNQlCIdXBysxpNIUOSXY8EKUbiWMw==
  dependencies:
    dom-element-to-react "^2.0.0-pre.5"

dom-element-to-react@^2.0.0-pre.5:
  version "2.0.0-pre.5"
  resolved "https://registry.yarnpkg.com/dom-element-to-react/-/dom-element-to-react-2.0.0-pre.5.tgz#2577c8ce537a226210fab55a32e5dfe178774151"
  integrity sha512-U2dmbmufLDvFE5OESDzuwNWr3t4V1NViROk7zbfDGMQaY+SnObr5CtIJYyXVPyPuCyZwRQ/86PxBoPilFUMMfw==
